
Microsoft Visual Studio Solution File, Format Version 12.00
# Visual Studio 14
VisualStudioVersion = 14.0.25420.1
MinimumVisualStudioVersion = 10.0.40219.1
Project("{8BC9CEB8-8B4A-11D0-8D11-00A0C91BC942}") = "Project2", "Project2\Project2.vcxproj", "{676E2504-5687-44E8-9C3D-EF18AD4D1DB1}"
EndProject
Project("{2150E333-8FDC-42A3-9474-1A3956D46DE8}") = "Solution Items", "Solution Items", "{E9ABA2F2-74BE-4AEE-951F-6C3C22FF12FB}"
	ProjectSection(SolutionItems) = preProject
		Performance1.psess = Performance1.psess
	EndProjectSection
EndProject
Global
	GlobalSection(SolutionConfigurationPlatforms) = preSolution
		Debug|x64 = Debug|x64
		Debug|x86 = Debug|x86
		Release|x64 = Release|x64
		Release|x86 = Release|x86
	EndGlobalSection
	GlobalSection(ProjectConfigurationPlatforms) = postSolution
		{676E2504-5687-44E8-9C3D-EF18AD4D1DB1}.Debug|x64.ActiveCfg = Debug|x64
		{676E2504-5687-44E8-9C3D-EF18AD4D1DB1}.Debug|x64.Build.0 = Debug|x64
		{676E2504-5687-44E8-9C3D-EF18AD4D1DB1}.Debug|x86.ActiveCfg = Debug|Win32
		{676E2504-5687-44E8-9C3D-EF18AD4D1DB1}.Debug|x86.Build.0 = Debug|Win32
		{676E2504-5687-44E8-9C3D-EF18AD4D1DB1}.Release|x64.ActiveCfg = Release|x64
		{676E2504-5687-44E8-9C3D-EF18AD4D1DB1}.Release|x64.Build.0 = Release|x64
		{676E2504-5687-44E8-9C3D-EF18AD4D1DB1}.Release|x86.ActiveCfg = Release|Win32
		{676E2504-5687-44E8-9C3D-EF18AD4D1DB1}.Release|x86.Build.0 = Release|Win32
	EndGlobalSection
	GlobalSection(SolutionProperties) = preSolution
		HideSolutionNode = FALSE
	EndGlobalSection
EndGlobal
